# This file is automatically @generated by Poetry 2.1.3 and should not be changed by hand.

[[package]]
name = "argparse"
version = "1.4.0"
description = "Python command-line parsing library"
optional = false
python-versions = "*"
groups = ["main"]
files = [
    {file = "argparse-1.4.0-py2.py3-none-any.whl", hash = "sha256:c31647edb69fd3d465a847ea3157d37bed1f95f19760b11a47aa91c04b666314"},
    {file = "argparse-1.4.0.tar.gz", hash = "sha256:62b089a55be1d8949cd2bc7e0df0bddb9e028faefc8c32038cc84862aefdd6e4"},
]

[[package]]
name = "pathlib"
version = "1.0.1"
description = "Object-oriented filesystem paths"
optional = false
python-versions = "*"
groups = ["main"]
files = [
    {file = "pathlib-1.0.1-py3-none-any.whl", hash = "sha256:f35f95ab8b0f59e6d354090350b44a80a80635d22efdedfa84c7ad1cf0a74147"},
    {file = "pathlib-1.0.1.tar.gz", hash = "sha256:6940718dfc3eff4258203ad5021090933e5c04707d5ca8cc9e73c94a7894ea9f"},
]

[metadata]
lock-version = "2.1"
python-versions = ">=3.9"
content-hash = "4f38958d26d72c9be9ac5c554c2c8ea0bff1bed9d728cb3898c6b8dc2e936dd2"
